
Microsoft Visual Studio Solution File, Format Version 12.00
# Visual Studio Version 17
VisualStudioVersion = 17.5.33516.290
MinimumVisualStudioVersion = 10.0.40219.1
Project("{FAE04EC0-301F-11D3-BF4B-00C04F79EFBC}") = "Picsh", "Picsh\Picsh.csproj", "{F50072AA-CD38-49A4-9A6B-B6CC7E9FC888}"
EndProject
Global
	GlobalSection(SolutionConfigurationPlatforms) = preSolution
		Debug|Any CPU = Debug|Any CPU
		Release|Any CPU = Release|Any CPU
	EndGlobalSection
	GlobalSection(ProjectConfigurationPlatforms) = postSolution
		{F50072AA-CD38-49A4-9A6B-B6CC7E9FC888}.Debug|Any CPU.ActiveCfg = Debug|Any CPU
		{F50072AA-CD38-49A4-9A6B-B6CC7E9FC888}.Debug|Any CPU.Build.0 = Debug|Any CPU
		{F50072AA-CD38-49A4-9A6B-B6CC7E9FC888}.Release|Any CPU.ActiveCfg = Release|Any CPU
		{F50072AA-CD38-49A4-9A6B-B6CC7E9FC888}.Release|Any CPU.Build.0 = Release|Any CPU
	EndGlobalSection
	GlobalSection(SolutionProperties) = preSolution
		HideSolutionNode = FALSE
	EndGlobalSection
	GlobalSection(ExtensibilityGlobals) = postSolution
		SolutionGuid = {7CD2DBC5-61C7-450D-9938-419BAE9338C2}
	EndGlobalSection
EndGlobal
